
Microsoft Visual Studio Solution File, Format Version 12.00
# Visual Studio Version 17
VisualStudioVersion = 17.11.35303.130
MinimumVisualStudioVersion = 10.0.40219.1
Project("{2150E333-8FDC-42A3-9474-1A3956D46DE8}") = "Task0", "Task0", "{68F82F49-EA5B-4CAD-AC96-312C773C7E3E}"
EndProject
Project("{FAE04EC0-301F-11D3-BF4B-00C04F79EFBC}") = "Tyuiu.KhvorykhVA.Sprint0.Task0.V0", "Tyuiu.KhvorykhVA.Sprint0.Task0.V0\Tyuiu.KhvorykhVA.Sprint0.Task0.V0.csproj", "{241CB105-D8FB-4EBC-8F26-CBA0EBEA10A6}"
EndProject
Global
	GlobalSection(SolutionConfigurationPlatforms) = preSolution
		Debug|Any CPU = Debug|Any CPU
		Release|Any CPU = Release|Any CPU
	EndGlobalSection
	GlobalSection(ProjectConfigurationPlatforms) = postSolution
		{241CB105-D8FB-4EBC-8F26-CBA0EBEA10A6}.Debug|Any CPU.ActiveCfg = Debug|Any CPU
		{241CB105-D8FB-4EBC-8F26-CBA0EBEA10A6}.Debug|Any CPU.Build.0 = Debug|Any CPU
		{241CB105-D8FB-4EBC-8F26-CBA0EBEA10A6}.Release|Any CPU.ActiveCfg = Release|Any CPU
		{241CB105-D8FB-4EBC-8F26-CBA0EBEA10A6}.Release|Any CPU.Build.0 = Release|Any CPU
	EndGlobalSection
	GlobalSection(SolutionProperties) = preSolution
		HideSolutionNode = FALSE
	EndGlobalSection
	GlobalSection(NestedProjects) = preSolution
		{241CB105-D8FB-4EBC-8F26-CBA0EBEA10A6} = {68F82F49-EA5B-4CAD-AC96-312C773C7E3E}
	EndGlobalSection
	GlobalSection(ExtensibilityGlobals) = postSolution
		SolutionGuid = {55B1C7D6-C824-4331-B08A-C93B32AD912A}
	EndGlobalSection
EndGlobal
